
Microsoft Visual Studio Solution File, Format Version 12.00
# Visual Studio Version 16
VisualStudioVersion = 16.0.31911.196
MinimumVisualStudioVersion = 10.0.40219.1
Project("{9A19103F-16F7-4668-BE54-9A1E7A4F7556}") = "Res.Data", "Res.Data\Res.Data.csproj", "{DA7A02C7-EC0A-4C29-9DD7-0DF11395AF7D}"
EndProject
Project("{9A19103F-16F7-4668-BE54-9A1E7A4F7556}") = "Res.DataAccess", "Res.DataAccess\Res.DataAccess.csproj", "{5CA7B88F-30FC-486C-8978-E03A8E04DBC0}"
EndProject
Project("{9A19103F-16F7-4668-BE54-9A1E7A4F7556}") = "Utility", "Utility\Utility.csproj", "{2BB3DDF5-8C5B-48AE-A2D9-521BF4E91F50}"
EndProject
Project("{9A19103F-16F7-4668-BE54-9A1E7A4F7556}") = "Res.Web", "Res.Web\Res.Web.csproj", "{5E1E333F-F8F9-4C98-8D65-1EEE74B2033F}"
EndProject
Project("{FAE04EC0-301F-11D3-BF4B-00C04F79EFBC}") = "WebApplication1", "WebApplication1\WebApplication1.csproj", "{2E2267A9-6B5C-4886-9A76-2C395F2593DF}"
EndProject
Global
	GlobalSection(SolutionConfigurationPlatforms) = preSolution
		Debug|Any CPU = Debug|Any CPU
		Release|Any CPU = Release|Any CPU
	EndGlobalSection
	GlobalSection(ProjectConfigurationPlatforms) = postSolution
		{DA7A02C7-EC0A-4C29-9DD7-0DF11395AF7D}.Debug|Any CPU.ActiveCfg = Debug|Any CPU
		{DA7A02C7-EC0A-4C29-9DD7-0DF11395AF7D}.Debug|Any CPU.Build.0 = Debug|Any CPU
		{DA7A02C7-EC0A-4C29-9DD7-0DF11395AF7D}.Release|Any CPU.ActiveCfg = Release|Any CPU
		{DA7A02C7-EC0A-4C29-9DD7-0DF11395AF7D}.Release|Any CPU.Build.0 = Release|Any CPU
		{5CA7B88F-30FC-486C-8978-E03A8E04DBC0}.Debug|Any CPU.ActiveCfg = Debug|Any CPU
		{5CA7B88F-30FC-486C-8978-E03A8E04DBC0}.Debug|Any CPU.Build.0 = Debug|Any CPU
		{5CA7B88F-30FC-486C-8978-E03A8E04DBC0}.Release|Any CPU.ActiveCfg = Release|Any CPU
		{5CA7B88F-30FC-486C-8978-E03A8E04DBC0}.Release|Any CPU.Build.0 = Release|Any CPU
		{2BB3DDF5-8C5B-48AE-A2D9-521BF4E91F50}.Debug|Any CPU.ActiveCfg = Debug|Any CPU
		{2BB3DDF5-8C5B-48AE-A2D9-521BF4E91F50}.Debug|Any CPU.Build.0 = Debug|Any CPU
		{2BB3DDF5-8C5B-48AE-A2D9-521BF4E91F50}.Release|Any CPU.ActiveCfg = Release|Any CPU
		{2BB3DDF5-8C5B-48AE-A2D9-521BF4E91F50}.Release|Any CPU.Build.0 = Release|Any CPU
		{5E1E333F-F8F9-4C98-8D65-1EEE74B2033F}.Debug|Any CPU.ActiveCfg = Debug|Any CPU
		{5E1E333F-F8F9-4C98-8D65-1EEE74B2033F}.Debug|Any CPU.Build.0 = Debug|Any CPU
		{5E1E333F-F8F9-4C98-8D65-1EEE74B2033F}.Release|Any CPU.ActiveCfg = Release|Any CPU
		{5E1E333F-F8F9-4C98-8D65-1EEE74B2033F}.Release|Any CPU.Build.0 = Release|Any CPU
		{2E2267A9-6B5C-4886-9A76-2C395F2593DF}.Debug|Any CPU.ActiveCfg = Debug|Any CPU
		{2E2267A9-6B5C-4886-9A76-2C395F2593DF}.Debug|Any CPU.Build.0 = Debug|Any CPU
		{2E2267A9-6B5C-4886-9A76-2C395F2593DF}.Release|Any CPU.ActiveCfg = Release|Any CPU
		{2E2267A9-6B5C-4886-9A76-2C395F2593DF}.Release|Any CPU.Build.0 = Release|Any CPU
	EndGlobalSection
	GlobalSection(SolutionProperties) = preSolution
		HideSolutionNode = FALSE
	EndGlobalSection
	GlobalSection(ExtensibilityGlobals) = postSolution
		SolutionGuid = {4E5B015B-9660-4959-8138-38A0C07FB02C}
	EndGlobalSection
EndGlobal
